
Microsoft Visual Studio Solution File, Format Version 12.00
# Visual Studio Version 17
VisualStudioVersion = 17.0.31903.59
MinimumVisualStudioVersion = 10.0.40219.1
Project("{FAE04EC0-301F-11D3-BF4B-00C04F79EFBC}") = "BioTransWebApi", "BioTransWebApi\BioTransWebApi.csproj", "{AA09EF03-62B0-4DF0-A1B2-8A3B150C74E7}"
EndProject
Project("{FAE04EC0-301F-11D3-BF4B-00C04F79EFBC}") = "BioTrananTester", "BioTrananTester\BioTrananTester.csproj", "{9EDADC12-99FC-46C9-AD1A-6EDA250EE7B2}"
EndProject
Project("{FAE04EC0-301F-11D3-BF4B-00C04F79EFBC}") = "BioTrananDomain", "BioTrananDomain\BioTrananDomain.csproj", "{CA77FE61-4E46-4A64-8DE3-1739C8A46E5E}"
EndProject
Project("{FAE04EC0-301F-11D3-BF4B-00C04F79EFBC}") = "BioTrananWebApp", "BioTrananWebApp\BioTrananWebApp.csproj", "{C098260E-D51E-4EF2-A269-7D67C7304D50}"
EndProject
Global
	GlobalSection(SolutionConfigurationPlatforms) = preSolution
		Debug|Any CPU = Debug|Any CPU
		Release|Any CPU = Release|Any CPU
	EndGlobalSection
	GlobalSection(SolutionProperties) = preSolution
		HideSolutionNode = FALSE
	EndGlobalSection
	GlobalSection(ProjectConfigurationPlatforms) = postSolution
		{AA09EF03-62B0-4DF0-A1B2-8A3B150C74E7}.Debug|Any CPU.ActiveCfg = Debug|Any CPU
		{AA09EF03-62B0-4DF0-A1B2-8A3B150C74E7}.Debug|Any CPU.Build.0 = Debug|Any CPU
		{AA09EF03-62B0-4DF0-A1B2-8A3B150C74E7}.Release|Any CPU.ActiveCfg = Release|Any CPU
		{AA09EF03-62B0-4DF0-A1B2-8A3B150C74E7}.Release|Any CPU.Build.0 = Release|Any CPU
		{9EDADC12-99FC-46C9-AD1A-6EDA250EE7B2}.Debug|Any CPU.ActiveCfg = Debug|Any CPU
		{9EDADC12-99FC-46C9-AD1A-6EDA250EE7B2}.Debug|Any CPU.Build.0 = Debug|Any CPU
		{9EDADC12-99FC-46C9-AD1A-6EDA250EE7B2}.Release|Any CPU.ActiveCfg = Release|Any CPU
		{9EDADC12-99FC-46C9-AD1A-6EDA250EE7B2}.Release|Any CPU.Build.0 = Release|Any CPU
		{CA77FE61-4E46-4A64-8DE3-1739C8A46E5E}.Debug|Any CPU.ActiveCfg = Debug|Any CPU
		{CA77FE61-4E46-4A64-8DE3-1739C8A46E5E}.Debug|Any CPU.Build.0 = Debug|Any CPU
		{CA77FE61-4E46-4A64-8DE3-1739C8A46E5E}.Release|Any CPU.ActiveCfg = Release|Any CPU
		{CA77FE61-4E46-4A64-8DE3-1739C8A46E5E}.Release|Any CPU.Build.0 = Release|Any CPU
		{C098260E-D51E-4EF2-A269-7D67C7304D50}.Debug|Any CPU.ActiveCfg = Debug|Any CPU
		{C098260E-D51E-4EF2-A269-7D67C7304D50}.Debug|Any CPU.Build.0 = Debug|Any CPU
		{C098260E-D51E-4EF2-A269-7D67C7304D50}.Release|Any CPU.ActiveCfg = Release|Any CPU
		{C098260E-D51E-4EF2-A269-7D67C7304D50}.Release|Any CPU.Build.0 = Release|Any CPU
	EndGlobalSection
EndGlobal
